
Microsoft Visual Studio Solution File, Format Version 12.00
# Visual Studio Version 17
VisualStudioVersion = 17.4.33213.308
MinimumVisualStudioVersion = 10.0.40219.1
Project("{9A19103F-16F7-4668-BE54-9A1E7A4F7556}") = "HumanCapitalManagement", "HumanCapitalManagement\HumanCapitalManagement.csproj", "{5C9698A7-091A-4EEF-B935-5E7ADE8330CB}"
EndProject
Project("{9A19103F-16F7-4668-BE54-9A1E7A4F7556}") = "DataAPI", "DataAPI\DataAPI.csproj", "{D6A1A4ED-A403-456B-8AD8-8C1B05421D18}"
EndProject
Project("{9A19103F-16F7-4668-BE54-9A1E7A4F7556}") = "LoginAPI", "LoginAPI\LoginAPI.csproj", "{ADA1D870-B09C-40FC-B63B-782984E37E3D}"
EndProject
Global
	GlobalSection(SolutionConfigurationPlatforms) = preSolution
		Debug|Any CPU = Debug|Any CPU
		Release|Any CPU = Release|Any CPU
	EndGlobalSection
	GlobalSection(ProjectConfigurationPlatforms) = postSolution
		{5C9698A7-091A-4EEF-B935-5E7ADE8330CB}.Debug|Any CPU.ActiveCfg = Debug|Any CPU
		{5C9698A7-091A-4EEF-B935-5E7ADE8330CB}.Debug|Any CPU.Build.0 = Debug|Any CPU
		{5C9698A7-091A-4EEF-B935-5E7ADE8330CB}.Release|Any CPU.ActiveCfg = Release|Any CPU
		{5C9698A7-091A-4EEF-B935-5E7ADE8330CB}.Release|Any CPU.Build.0 = Release|Any CPU
		{D6A1A4ED-A403-456B-8AD8-8C1B05421D18}.Debug|Any CPU.ActiveCfg = Debug|Any CPU
		{D6A1A4ED-A403-456B-8AD8-8C1B05421D18}.Debug|Any CPU.Build.0 = Debug|Any CPU
		{D6A1A4ED-A403-456B-8AD8-8C1B05421D18}.Release|Any CPU.ActiveCfg = Release|Any CPU
		{D6A1A4ED-A403-456B-8AD8-8C1B05421D18}.Release|Any CPU.Build.0 = Release|Any CPU
		{ADA1D870-B09C-40FC-B63B-782984E37E3D}.Debug|Any CPU.ActiveCfg = Debug|Any CPU
		{ADA1D870-B09C-40FC-B63B-782984E37E3D}.Debug|Any CPU.Build.0 = Debug|Any CPU
		{ADA1D870-B09C-40FC-B63B-782984E37E3D}.Release|Any CPU.ActiveCfg = Release|Any CPU
		{ADA1D870-B09C-40FC-B63B-782984E37E3D}.Release|Any CPU.Build.0 = Release|Any CPU
	EndGlobalSection
	GlobalSection(SolutionProperties) = preSolution
		HideSolutionNode = FALSE
	EndGlobalSection
	GlobalSection(ExtensibilityGlobals) = postSolution
		SolutionGuid = {8D58089A-9F20-49A7-9417-CF0921644347}
	EndGlobalSection
EndGlobal
